
Microsoft Visual Studio Solution File, Format Version 12.00
# Visual Studio Version 17
VisualStudioVersion = 17.7.34031.279
MinimumVisualStudioVersion = 10.0.40219.1
Project("{FAE04EC0-301F-11D3-BF4B-00C04F79EFBC}") = "LE_IComparble_StephanieLopez", "LE_IComparble_StephanieLopez.csproj", "{39F96C49-295D-4DDF-95F1-C3C289676602}"
EndProject
Global
	GlobalSection(SolutionConfigurationPlatforms) = preSolution
		Debug|Any CPU = Debug|Any CPU
		Release|Any CPU = Release|Any CPU
	EndGlobalSection
	GlobalSection(ProjectConfigurationPlatforms) = postSolution
		{39F96C49-295D-4DDF-95F1-C3C289676602}.Debug|Any CPU.ActiveCfg = Debug|Any CPU
		{39F96C49-295D-4DDF-95F1-C3C289676602}.Debug|Any CPU.Build.0 = Debug|Any CPU
		{39F96C49-295D-4DDF-95F1-C3C289676602}.Release|Any CPU.ActiveCfg = Release|Any CPU
		{39F96C49-295D-4DDF-95F1-C3C289676602}.Release|Any CPU.Build.0 = Release|Any CPU
	EndGlobalSection
	GlobalSection(SolutionProperties) = preSolution
		HideSolutionNode = FALSE
	EndGlobalSection
	GlobalSection(ExtensibilityGlobals) = postSolution
		SolutionGuid = {365FA258-2B42-4DB4-BBBF-3D16125D24F3}
	EndGlobalSection
EndGlobal
